// !$*UTF8*$!
{
	archiveVersion = 1;
	classes = {
	};
	objectVersion = 50;
	objects = {

/* Begin PBXBuildFile section */
		ED3620E325B9377E006C7171 /* AppDelegate.swift in Sources */ = {isa = PBXBuildFile; fileRef = ED3620E225B9377E006C7171 /* AppDelegate.swift */; };
		ED3620E525B9377E006C7171 /* SceneDelegate.swift in Sources */ = {isa = PBXBuildFile; fileRef = ED3620E425B9377E006C7171 /* SceneDelegate.swift */; };
		ED3620E725B9377E006C7171 /* ViewController.swift in Sources */ = {isa = PBXBuildFile; fileRef = ED3620E625B9377E006C7171 /* ViewController.swift */; };
		ED3620EA25B9377E006C7171 /* Main.storyboard in Resources */ = {isa = PBXBuildFile; fileRef = ED3620E825B9377E006C7171 /* Main.storyboard */; };
		ED3620EC25B937A4006C7171 /* Assets.xcassets in Resources */ = {isa = PBXBuildFile; fileRef = ED3620EB25B937A4006C7171 /* Assets.xcassets */; };
		ED3620EF25B937A4006C7171 /* LaunchScreen.storyboard in Resources */ = {isa = PBXBuildFile; fileRef = ED3620ED25B937A4006C7171 /* LaunchScreen.storyboard */; };
		ED36212A25B93972006C7171 /* libZSDK_API.a in Frameworks */ = {isa = PBXBuildFile; fileRef = ED36211325B93972006C7171 /* libZSDK_API.a */; };
/* End PBXBuildFile section */

/* Begin PBXFileReference section */
		ED3620DF25B9377E006C7171 /* zebraPrinterTester.app */ = {isa = PBXFileReference; explicitFileType = wrapper.application; includeInIndex = 0; path = zebraPrinterTester.app; sourceTree = BUILT_PRODUCTS_DIR; };
		ED3620E225B9377E006C7171 /* AppDelegate.swift */ = {isa = PBXFileReference; lastKnownFileType = sourcecode.swift; path = AppDelegate.swift; sourceTree = "<group>"; };
		ED3620E425B9377E006C7171 /* SceneDelegate.swift */ = {isa = PBXFileReference; lastKnownFileType = sourcecode.swift; path = SceneDelegate.swift; sourceTree = "<group>"; };
		ED3620E625B9377E006C7171 /* ViewController.swift */ = {isa = PBXFileReference; lastKnownFileType = sourcecode.swift; path = ViewController.swift; sourceTree = "<group>"; };
		ED3620E925B9377E006C7171 /* Base */ = {isa = PBXFileReference; lastKnownFileType = file.storyboard; name = Base; path = Base.lproj/Main.storyboard; sourceTree = "<group>"; };
		ED3620EB25B937A4006C7171 /* Assets.xcassets */ = {isa = PBXFileReference; lastKnownFileType = folder.assetcatalog; path = Assets.xcassets; sourceTree = "<group>"; };
		ED3620EE25B937A4006C7171 /* Base */ = {isa = PBXFileReference; lastKnownFileType = file.storyboard; name = Base; path = Base.lproj/LaunchScreen.storyboard; sourceTree = "<group>"; };
		ED3620F025B937A4006C7171 /* Info.plist */ = {isa = PBXFileReference; lastKnownFileType = text.plist.xml; path = Info.plist; sourceTree = "<group>"; };
		ED36211325B93972006C7171 /* libZSDK_API.a */ = {isa = PBXFileReference; lastKnownFileType = archive.ar; path = libZSDK_API.a; sourceTree = "<group>"; };
		ED36211525B93972006C7171 /* ZplPrintMode.h */ = {isa = PBXFileReference; fileEncoding = 4; lastKnownFileType = sourcecode.c.h; path = ZplPrintMode.h; sourceTree = "<group>"; };
		ED36211625B93972006C7171 /* GraphicsUtil.h */ = {isa = PBXFileReference; fileEncoding = 4; lastKnownFileType = sourcecode.c.h; path = GraphicsUtil.h; sourceTree = "<group>"; };
		ED36211725B93972006C7171 /* ToolsUtil.h */ = {isa = PBXFileReference; fileEncoding = 4; lastKnownFileType = sourcecode.c.h; path = ToolsUtil.h; sourceTree = "<group>"; };
		ED36211825B93972006C7171 /* MfiBtPrinterConnection.h */ = {isa = PBXFileReference; fileEncoding = 4; lastKnownFileType = sourcecode.c.h; path = MfiBtPrinterConnection.h; sourceTree = "<group>"; };
		ED36211925B93972006C7171 /* MagCardReader.h */ = {isa = PBXFileReference; fileEncoding = 4; lastKnownFileType = sourcecode.c.h; path = MagCardReader.h; sourceTree = "<group>"; };
		ED36211A25B93972006C7171 /* NetworkDiscoverer.h */ = {isa = PBXFileReference; fileEncoding = 4; lastKnownFileType = sourcecode.c.h; path = NetworkDiscoverer.h; sourceTree = "<group>"; };
		ED36211B25B93972006C7171 /* ZebraPrinter.h */ = {isa = PBXFileReference; fileEncoding = 4; lastKnownFileType = sourcecode.c.h; path = ZebraPrinter.h; sourceTree = "<group>"; };
		ED36211C25B93972006C7171 /* FieldDescriptionData.h */ = {isa = PBXFileReference; fileEncoding = 4; lastKnownFileType = sourcecode.c.h; path = FieldDescriptionData.h; sourceTree = "<group>"; };
		ED36211D25B93972006C7171 /* FileUtil.h */ = {isa = PBXFileReference; fileEncoding = 4; lastKnownFileType = sourcecode.c.h; path = FileUtil.h; sourceTree = "<group>"; };
		ED36211E25B93972006C7171 /* ZebraPrinterFactory.h */ = {isa = PBXFileReference; fileEncoding = 4; lastKnownFileType = sourcecode.c.h; path = ZebraPrinterFactory.h; sourceTree = "<group>"; };
		ED36211F25B93972006C7171 /* PrinterStatusMessages.h */ = {isa = PBXFileReference; fileEncoding = 4; lastKnownFileType = sourcecode.c.h; path = PrinterStatusMessages.h; sourceTree = "<group>"; };
		ED36212025B93972006C7171 /* ResponseValidator.h */ = {isa = PBXFileReference; fileEncoding = 4; lastKnownFileType = sourcecode.c.h; path = ResponseValidator.h; sourceTree = "<group>"; };
		ED36212125B93972006C7171 /* DiscoveredPrinter.h */ = {isa = PBXFileReference; fileEncoding = 4; lastKnownFileType = sourcecode.c.h; path = DiscoveredPrinter.h; sourceTree = "<group>"; };
		ED36212225B93972006C7171 /* ZebraPrinterConnection.h */ = {isa = PBXFileReference; fileEncoding = 4; lastKnownFileType = sourcecode.c.h; path = ZebraPrinterConnection.h; sourceTree = "<group>"; };
		ED36212325B93972006C7171 /* SGD.h */ = {isa = PBXFileReference; fileEncoding = 4; lastKnownFileType = sourcecode.c.h; path = SGD.h; sourceTree = "<group>"; };
		ED36212425B93972006C7171 /* DiscoveredPrinterNetwork.h */ = {isa = PBXFileReference; fileEncoding = 4; lastKnownFileType = sourcecode.c.h; path = DiscoveredPrinterNetwork.h; sourceTree = "<group>"; };
		ED36212525B93972006C7171 /* ZebraErrorCode.h */ = {isa = PBXFileReference; fileEncoding = 4; lastKnownFileType = sourcecode.c.h; path = ZebraErrorCode.h; sourceTree = "<group>"; };
		ED36212625B93972006C7171 /* PrinterStatus.h */ = {isa = PBXFileReference; fileEncoding = 4; lastKnownFileType = sourcecode.c.h; path = PrinterStatus.h; sourceTree = "<group>"; };
		ED36212725B93972006C7171 /* FormatUtil.h */ = {isa = PBXFileReference; fileEncoding = 4; lastKnownFileType = sourcecode.c.h; path = FormatUtil.h; sourceTree = "<group>"; };
		ED36212825B93972006C7171 /* TcpPrinterConnection.h */ = {isa = PBXFileReference; fileEncoding = 4; lastKnownFileType = sourcecode.c.h; path = TcpPrinterConnection.h; sourceTree = "<group>"; };
		ED36212925B93972006C7171 /* SmartCardReader.h */ = {isa = PBXFileReference; fileEncoding = 4; lastKnownFileType = sourcecode.c.h; path = SmartCardReader.h; sourceTree = "<group>"; };
		ED36212B25B93A1F006C7171 /* zebraPrinterTester-Bridging-Header.h */ = {isa = PBXFileReference; lastKnownFileType = sourcecode.c.h; name = "zebraPrinterTester-Bridging-Header.h"; path = "zebraPrinterTester/zebraPrinterTester-Bridging-Header.h"; sourceTree = "<group>"; };
/* End PBXFileReference section */

/* Begin PBXFrameworksBuildPhase section */
		ED3620DC25B9377E006C7171 /* Frameworks */ = {
			isa = PBXFrameworksBuildPhase;
			buildActionMask = 2147483647;
			files = (
				ED36212A25B93972006C7171 /* libZSDK_API.a in Frameworks */,
			);
			runOnlyForDeploymentPostprocessing = 0;
		};
/* End PBXFrameworksBuildPhase section */

/* Begin PBXGroup section */
		ED3620D625B9377E006C7171 = {
			isa = PBXGroup;
			children = (
				ED36212B25B93A1F006C7171 /* zebraPrinterTester-Bridging-Header.h */,
				ED3620E125B9377E006C7171 /* zebraPrinterTester */,
				ED3620E025B9377E006C7171 /* Products */,
			);
			sourceTree = "<group>";
		};
		ED3620E025B9377E006C7171 /* Products */ = {
			isa = PBXGroup;
			children = (
				ED3620DF25B9377E006C7171 /* zebraPrinterTester.app */,
			);
			name = Products;
			sourceTree = "<group>";
		};
		ED3620E125B9377E006C7171 /* zebraPrinterTester */ = {
			isa = PBXGroup;
			children = (
				ED3620E225B9377E006C7171 /* AppDelegate.swift */,
				ED3620E425B9377E006C7171 /* SceneDelegate.swift */,
				ED3620E625B9377E006C7171 /* ViewController.swift */,
				ED3620E825B9377E006C7171 /* Main.storyboard */,
				ED3620EB25B937A4006C7171 /* Assets.xcassets */,
				ED3620ED25B937A4006C7171 /* LaunchScreen.storyboard */,
				ED3620F025B937A4006C7171 /* Info.plist */,
				ED36211225B93972006C7171 /* lib */,
			);
			path = zebraPrinterTester;
			sourceTree = "<group>";
		};
		ED36211225B93972006C7171 /* lib */ = {
			isa = PBXGroup;
			children = (
				ED36211325B93972006C7171 /* libZSDK_API.a */,
				ED36211425B93972006C7171 /* include */,
			);
			path = lib;
			sourceTree = "<group>";
		};
		ED36211425B93972006C7171 /* include */ = {
			isa = PBXGroup;
			children = (
				ED36212125B93972006C7171 /* DiscoveredPrinter.h */,
				ED36212425B93972006C7171 /* DiscoveredPrinterNetwork.h */,
				ED36211C25B93972006C7171 /* FieldDescriptionData.h */,
				ED36211D25B93972006C7171 /* FileUtil.h */,
				ED36212725B93972006C7171 /* FormatUtil.h */,
				ED36211625B93972006C7171 /* GraphicsUtil.h */,
				ED36211925B93972006C7171 /* MagCardReader.h */,
				ED36211825B93972006C7171 /* MfiBtPrinterConnection.h */,
				ED36211A25B93972006C7171 /* NetworkDiscoverer.h */,
				ED36212625B93972006C7171 /* PrinterStatus.h */,
				ED36211F25B93972006C7171 /* PrinterStatusMessages.h */,
				ED36212025B93972006C7171 /* ResponseValidator.h */,
				ED36212325B93972006C7171 /* SGD.h */,
				ED36212925B93972006C7171 /* SmartCardReader.h */,
				ED36212825B93972006C7171 /* TcpPrinterConnection.h */,
				ED36211725B93972006C7171 /* ToolsUtil.h */,
				ED36212525B93972006C7171 /* ZebraErrorCode.h */,
				ED36211B25B93972006C7171 /* ZebraPrinter.h */,
				ED36212225B93972006C7171 /* ZebraPrinterConnection.h */,
				ED36211E25B93972006C7171 /* ZebraPrinterFactory.h */,
				ED36211525B93972006C7171 /* ZplPrintMode.h */,
			);
			path = include;
			sourceTree = "<group>";
		};
/* End PBXGroup section */

/* Begin PBXNativeTarget section */
		ED3620DE25B9377E006C7171 /* zebraPrinterTester */ = {
			isa = PBXNativeTarget;
			buildConfigurationList = ED3620F325B937A4006C7171 /* Build configuration list for PBXNativeTarget "zebraPrinterTester" */;
			buildPhases = (
				ED3620DB25B9377E006C7171 /* Sources */,
				ED3620DC25B9377E006C7171 /* Frameworks */,
				ED3620DD25B9377E006C7171 /* Resources */,
			);
			buildRules = (
			);
			dependencies = (
			);
			name = zebraPrinterTester;
			productName = zebraPrinterTester;
			productReference = ED3620DF25B9377E006C7171 /* zebraPrinterTester.app */;
			productType = "com.apple.product-type.application";
		};
/* End PBXNativeTarget section */

/* Begin PBXProject section */
		ED3620D725B9377E006C7171 /* Project object */ = {
			isa = PBXProject;
			attributes = {
				LastSwiftUpdateCheck = 1220;
				LastUpgradeCheck = 1220;
				TargetAttributes = {
					ED3620DE25B9377E006C7171 = {
						CreatedOnToolsVersion = 12.2;
					};
				};
			};
			buildConfigurationList = ED3620DA25B9377E006C7171 /* Build configuration list for PBXProject "zebraPrinterTester" */;
			compatibilityVersion = "Xcode 9.3";
			developmentRegion = en;
			hasScannedForEncodings = 0;
			knownRegions = (
				en,
				Base,
			);
			mainGroup = ED3620D625B9377E006C7171;
			productRefGroup = ED3620E025B9377E006C7171 /* Products */;
			projectDirPath = "";
			projectRoot = "";
			targets = (
				ED3620DE25B9377E006C7171 /* zebraPrinterTester */,
			);
		};
/* End PBXProject section */

/* Begin PBXResourcesBuildPhase section */
		ED3620DD25B9377E006C7171 /* Resources */ = {
			isa = PBXResourcesBuildPhase;
			buildActionMask = 2147483647;
			files = (
				ED3620EF25B937A4006C7171 /* LaunchScreen.storyboard in Resources */,
				ED3620EC25B937A4006C7171 /* Assets.xcassets in Resources */,
				ED3620EA25B9377E006C7171 /* Main.storyboard in Resources */,
			);
			runOnlyForDeploymentPostprocessing = 0;
		};
/* End PBXResourcesBuildPhase section */

/* Begin PBXSourcesBuildPhase section */
		ED3620DB25B9377E006C7171 /* Sources */ = {
			isa = PBXSourcesBuildPhase;
			buildActionMask = 2147483647;
			files = (
				ED3620E725B9377E006C7171 /* ViewController.swift in Sources */,
				ED3620E325B9377E006C7171 /* AppDelegate.swift in Sources */,
				ED3620E525B9377E006C7171 /* SceneDelegate.swift in Sources */,
			);
			runOnlyForDeploymentPostprocessing = 0;
		};
/* End PBXSourcesBuildPhase section */

/* Begin PBXVariantGroup section */
		ED3620E825B9377E006C7171 /* Main.storyboard */ = {
			isa = PBXVariantGroup;
			children = (
				ED3620E925B9377E006C7171 /* Base */,
			);
			name = Main.storyboard;
			sourceTree = "<group>";
		};
		ED3620ED25B937A4006C7171 /* LaunchScreen.storyboard */ = {
			isa = PBXVariantGroup;
			children = (
				ED3620EE25B937A4006C7171 /* Base */,
			);
			name = LaunchScreen.storyboard;
			sourceTree = "<group>";
		};
/* End PBXVariantGroup section */

/* Begin XCBuildConfiguration section */
		ED3620F125B937A4006C7171 /* Debug */ = {
			isa = XCBuildConfiguration;
			buildSettings = {
				ALWAYS_SEARCH_USER_PATHS = NO;
				CLANG_ANALYZER_NONNULL = YES;
				CLANG_ANALYZER_NUMBER_OBJECT_CONVERSION = YES_AGGRESSIVE;
				CLANG_CXX_LANGUAGE_STANDARD = "gnu++14";
				CLANG_CXX_LIBRARY = "libc++";
				CLANG_ENABLE_MODULES = YES;
				CLANG_ENABLE_OBJC_ARC = YES;
				CLANG_ENABLE_OBJC_WEAK = YES;
				CLANG_WARN_BLOCK_CAPTURE_AUTORELEASING = YES;
				CLANG_WARN_BOOL_CONVERSION = YES;
				CLANG_WARN_COMMA = YES;
				CLANG_WARN_CONSTANT_CONVERSION = YES;
				CLANG_WARN_DEPRECATED_OBJC_IMPLEMENTATIONS = YES;
				CLANG_WARN_DIRECT_OBJC_ISA_USAGE = YES_ERROR;
				CLANG_WARN_DOCUMENTATION_COMMENTS = YES;
				CLANG_WARN_EMPTY_BODY = YES;
				CLANG_WARN_ENUM_CONVERSION = YES;
				CLANG_WARN_INFINITE_RECURSION = YES;
				CLANG_WARN_INT_CONVERSION = YES;
				CLANG_WARN_NON_LITERAL_NULL_CONVERSION = YES;
				CLANG_WARN_OBJC_IMPLICIT_RETAIN_SELF = YES;
				CLANG_WARN_OBJC_LITERAL_CONVERSION = YES;
				CLANG_WARN_OBJC_ROOT_CLASS = YES_ERROR;
				CLANG_WARN_QUOTED_INCLUDE_IN_FRAMEWORK_HEADER = YES;
				CLANG_WARN_RANGE_LOOP_ANALYSIS = YES;
				CLANG_WARN_STRICT_PROTOTYPES = YES;
				CLANG_WARN_SUSPICIOUS_MOVE = YES;
				CLANG_WARN_UNGUARDED_AVAILABILITY = YES_AGGRESSIVE;
				CLANG_WARN_UNREACHABLE_CODE = YES;
				CLANG_WARN__DUPLICATE_METHOD_MATCH = YES;
				COPY_PHASE_STRIP = NO;
				DEBUG_INFORMATION_FORMAT = dwarf;
				ENABLE_STRICT_OBJC_MSGSEND = YES;
				ENABLE_TESTABILITY = YES;
				GCC_C_LANGUAGE_STANDARD = gnu11;
				GCC_DYNAMIC_NO_PIC = NO;
				GCC_NO_COMMON_BLOCKS = YES;
				GCC_OPTIMIZATION_LEVEL = 0;
				GCC_PREPROCESSOR_DEFINITIONS = (
					"DEBUG=1",
					"$(inherited)",
				);
				GCC_WARN_64_TO_32_BIT_CONVERSION = YES;
				GCC_WARN_ABOUT_RETURN_TYPE = YES_ERROR;
				GCC_WARN_UNDECLARED_SELECTOR = YES;
				GCC_WARN_UNINITIALIZED_AUTOS = YES_AGGRESSIVE;
				GCC_WARN_UNUSED_FUNCTION = YES;
				GCC_WARN_UNUSED_VARIABLE = YES;
				IPHONEOS_DEPLOYMENT_TARGET = 14.2;
				MTL_ENABLE_DEBUG_INFO = INCLUDE_SOURCE;
				MTL_FAST_MATH = YES;
				ONLY_ACTIVE_ARCH = YES;
				SDKROOT = iphoneos;
				SWIFT_ACTIVE_COMPILATION_CONDITIONS = DEBUG;
				SWIFT_OBJC_BRIDGING_HEADER = "zebraPrinterTester/zebraPrinterTester-Bridging-Header.h";
				SWIFT_OPTIMIZATION_LEVEL = "-Onone";
			};
			name = Debug;
		};
		ED3620F225B937A4006C7171 /* Release */ = {
			isa = XCBuildConfiguration;
			buildSettings = {
				ALWAYS_SEARCH_USER_PATHS = NO;
				CLANG_ANALYZER_NONNULL = YES;
				CLANG_ANALYZER_NUMBER_OBJECT_CONVERSION = YES_AGGRESSIVE;
				CLANG_CXX_LANGUAGE_STANDARD = "gnu++14";
				CLANG_CXX_LIBRARY = "libc++";
				CLANG_ENABLE_MODULES = YES;
				CLANG_ENABLE_OBJC_ARC = YES;
				CLANG_ENABLE_OBJC_WEAK = YES;
				CLANG_WARN_BLOCK_CAPTURE_AUTORELEASING = YES;
				CLANG_WARN_BOOL_CONVERSION = YES;
				CLANG_WARN_COMMA = YES;
				CLANG_WARN_CONSTANT_CONVERSION = YES;
				CLANG_WARN_DEPRECATED_OBJC_IMPLEMENTATIONS = YES;
				CLANG_WARN_DIRECT_OBJC_ISA_USAGE = YES_ERROR;
				CLANG_WARN_DOCUMENTATION_COMMENTS = YES;
				CLANG_WARN_EMPTY_BODY = YES;
				CLANG_WARN_ENUM_CONVERSION = YES;
				CLANG_WARN_INFINITE_RECURSION = YES;
				CLANG_WARN_INT_CONVERSION = YES;
				CLANG_WARN_NON_LITERAL_NULL_CONVERSION = YES;
				CLANG_WARN_OBJC_IMPLICIT_RETAIN_SELF = YES;
				CLANG_WARN_OBJC_LITERAL_CONVERSION = YES;
				CLANG_WARN_OBJC_ROOT_CLASS = YES_ERROR;
				CLANG_WARN_QUOTED_INCLUDE_IN_FRAMEWORK_HEADER = YES;
				CLANG_WARN_RANGE_LOOP_ANALYSIS = YES;
				CLANG_WARN_STRICT_PROTOTYPES = YES;
				CLANG_WARN_SUSPICIOUS_MOVE = YES;
				CLANG_WARN_UNGUARDED_AVAILABILITY = YES_AGGRESSIVE;
				CLANG_WARN_UNREACHABLE_CODE = YES;
				CLANG_WARN__DUPLICATE_METHOD_MATCH = YES;
				COPY_PHASE_STRIP = NO;
				DEBUG_INFORMATION_FORMAT = "dwarf-with-dsym";
				ENABLE_NS_ASSERTIONS = NO;
				ENABLE_STRICT_OBJC_MSGSEND = YES;
				GCC_C_LANGUAGE_STANDARD = gnu11;
				GCC_NO_COMMON_BLOCKS = YES;
				GCC_WARN_64_TO_32_BIT_CONVERSION = YES;
				GCC_WARN_ABOUT_RETURN_TYPE = YES_ERROR;
				GCC_WARN_UNDECLARED_SELECTOR = YES;
				GCC_WARN_UNINITIALIZED_AUTOS = YES_AGGRESSIVE;
				GCC_WARN_UNUSED_FUNCTION = YES;
				GCC_WARN_UNUSED_VARIABLE = YES;
				IPHONEOS_DEPLOYMENT_TARGET = 14.2;
				MTL_ENABLE_DEBUG_INFO = NO;
				MTL_FAST_MATH = YES;
				SDKROOT = iphoneos;
				SWIFT_COMPILATION_MODE = wholemodule;
				SWIFT_OBJC_BRIDGING_HEADER = "zebraPrinterTester/zebraPrinterTester-Bridging-Header.h";
				SWIFT_OPTIMIZATION_LEVEL = "-O";
				VALIDATE_PRODUCT = YES;
			};
			name = Release;
		};
		ED3620F425B937A4006C7171 /* Debug */ = {
			isa = XCBuildConfiguration;
			buildSettings = {
				ASSETCATALOG_COMPILER_APPICON_NAME = AppIcon;
				ASSETCATALOG_COMPILER_GLOBAL_ACCENT_COLOR_NAME = AccentColor;
				CODE_SIGN_STYLE = Automatic;
				DEVELOPMENT_TEAM = 7NUF5JQ53X;
				HEADER_SEARCH_PATHS = lib/include;
				INFOPLIST_FILE = zebraPrinterTester/Info.plist;
				IPHONEOS_DEPLOYMENT_TARGET = 13.0;
				LD_RUNPATH_SEARCH_PATHS = (
					"$(inherited)",
					"@executable_path/Frameworks",
				);
				LIBRARY_SEARCH_PATHS = (
					"$(inherited)",
					"$(PROJECT_DIR)/zebraPrinterTester/lib",
				);
				PRODUCT_BUNDLE_IDENTIFIER = hk.org.ha.zebraPrinterTester.zebraPrinterTester;
				PRODUCT_NAME = "$(TARGET_NAME)";
				SWIFT_VERSION = 5.0;
				TARGETED_DEVICE_FAMILY = "1,2";
			};
			name = Debug;
		};
		ED3620F525B937A4006C7171 /* Release */ = {
			isa = XCBuildConfiguration;
			buildSettings = {
				ASSETCATALOG_COMPILER_APPICON_NAME = AppIcon;
				ASSETCATALOG_COMPILER_GLOBAL_ACCENT_COLOR_NAME = AccentColor;
				CODE_SIGN_STYLE = Automatic;
				DEVELOPMENT_TEAM = 7NUF5JQ53X;
				HEADER_SEARCH_PATHS = lib/include;
				INFOPLIST_FILE = zebraPrinterTester/Info.plist;
				IPHONEOS_DEPLOYMENT_TARGET = 13.0;
				LD_RUNPATH_SEARCH_PATHS = (
					"$(inherited)",
					"@executable_path/Frameworks",
				);
				LIBRARY_SEARCH_PATHS = (
					"$(inherited)",
					"$(PROJECT_DIR)/zebraPrinterTester/lib",
				);
				PRODUCT_BUNDLE_IDENTIFIER = hk.org.ha.zebraPrinterTester.zebraPrinterTester;
				PRODUCT_NAME = "$(TARGET_NAME)";
				SWIFT_VERSION = 5.0;
				TARGETED_DEVICE_FAMILY = "1,2";
			};
			name = Release;
		};
/* End XCBuildConfiguration section */

/* Begin XCConfigurationList section */
		ED3620DA25B9377E006C7171 /* Build configuration list for PBXProject "zebraPrinterTester" */ = {
			isa = XCConfigurationList;
			buildConfigurations = (
				ED3620F125B937A4006C7171 /* Debug */,
				ED3620F225B937A4006C7171 /* Release */,
			);
			defaultConfigurationIsVisible = 0;
			defaultConfigurationName = Release;
		};
		ED3620F325B937A4006C7171 /* Build configuration list for PBXNativeTarget "zebraPrinterTester" */ = {
			isa = XCConfigurationList;
			buildConfigurations = (
				ED3620F425B937A4006C7171 /* Debug */,
				ED3620F525B937A4006C7171 /* Release */,
			);
			defaultConfigurationIsVisible = 0;
			defaultConfigurationName = Release;
		};
/* End XCConfigurationList section */
	};
	rootObject = ED3620D725B9377E006C7171 /* Project object */;
}
